{
  "name": "my-gateway",
  "version": "1.0.0",
  "lockfileVersion": 3,
  "requires": true,
  "packages": {
    "": {
      "name": "my-gateway",
      "version": "1.0.0",
      "license": "UNLICENSED",
      "dependencies": {
        "express-gateway": "^0.0.1"
      }
    },
    "node_modules/express-gateway": {
      "version": "0.0.1",
      "resolved": "https://registry.npmjs.org/express-gateway/-/express-gateway-0.0.1.tgz",
      "integrity": "sha512-5ZdkSx4/JZjhvieU2Lnt0RFMVkmlrNtimJbeB9VAFIzQ0YMzqNfWLg8xntSF9ZrrQvmPoO0M/CC5XGpfDLC03Q==",
      "license": "Apache-2.0"
    }
  }
}
