{
  "name": "api-gateway",
  "version": "1.0.0",
  "lockfileVersion": 3,
  "requires": true,
  "packages": {
    "": {
      "name": "api-gateway",
      "version": "1.0.0",
      "license": "UNLICENSED",
      "dependencies": {
        "dotenv": "^16.4.5",
        "express-gateway": "^0.0.1"
      }
    },
    "node_modules/dotenv": {
      "version": "16.4.5",
      "resolved": "https://registry.npmjs.org/dotenv/-/dotenv-16.4.5.tgz",
      "integrity": "sha512-ZmdL2rui+eB2YwhsWzjInR8LldtZHGDoQ1ugH85ppHKwpUHL7j7rN0Ti9NCnGiQbhaZ11FpR+7ao1dNsmduNUg==",
      "license": "BSD-2-Clause",
      "engines": {
        "node": ">=12"
      },
      "funding": {
        "url": "https://dotenvx.com"
      }
    },
    "node_modules/express-gateway": {
      "version": "0.0.1",
      "resolved": "https://registry.npmjs.org/express-gateway/-/express-gateway-0.0.1.tgz",
      "integrity": "sha512-5ZdkSx4/JZjhvieU2Lnt0RFMVkmlrNtimJbeB9VAFIzQ0YMzqNfWLg8xntSF9ZrrQvmPoO0M/CC5XGpfDLC03Q==",
      "license": "Apache-2.0"
    }
  }
}
